// !$*UTF8*$!
{
	archiveVersion = 1;
	classes = {
	};
	objectVersion = 55;
	objects = {

/* Begin PBXBuildFile section */
		8E4B67E327832E8700AD88F5 /* AppDelegate.swift in Sources */ = {isa = PBXBuildFile; fileRef = 8E4B67E227832E8700AD88F5 /* AppDelegate.swift */; };
		8E4B67EA27832E8700AD88F5 /* Main.storyboard in Resources */ = {isa = PBXBuildFile; fileRef = 8E4B67E827832E8700AD88F5 /* Main.storyboard */; };
		8E4B67EC27832E8800AD88F5 /* Assets.xcassets in Resources */ = {isa = PBXBuildFile; fileRef = 8E4B67EB27832E8800AD88F5 /* Assets.xcassets */; };
		8E4B67EF27832E8800AD88F5 /* LaunchScreen.storyboard in Resources */ = {isa = PBXBuildFile; fileRef = 8E4B67ED27832E8800AD88F5 /* LaunchScreen.storyboard */; };
		8E7729192791B0AC0006751A /* MainTableViewCell.xib in Resources */ = {isa = PBXBuildFile; fileRef = 8E7729182791B0AC0006751A /* MainTableViewCell.xib */; };
		8EAA5C1627920FE200E9CE24 /* MainCollectionViewCell.xib in Resources */ = {isa = PBXBuildFile; fileRef = 8EAA5C1527920FE200E9CE24 /* MainCollectionViewCell.xib */; };
		8EAA5C1C2792116500E9CE24 /* MainCollectionViewCell.swift in Sources */ = {isa = PBXBuildFile; fileRef = 8EAA5C1B2792116500E9CE24 /* MainCollectionViewCell.swift */; };
		8ECD833C2792D92900D0B8FA /* DetailsViewController.swift in Sources */ = {isa = PBXBuildFile; fileRef = 8ECD833B2792D92900D0B8FA /* DetailsViewController.swift */; };
		8ED17E1F2790B73500A28D81 /* generated-2.json in Resources */ = {isa = PBXBuildFile; fileRef = 8ED17E1E2790B73500A28D81 /* generated-2.json */; };
		8ED17E212790B9D600A28D81 /* MainVC.swift in Sources */ = {isa = PBXBuildFile; fileRef = 8ED17E202790B9D600A28D81 /* MainVC.swift */; };
		8ED17E2A2790BABB00A28D81 /* MainVM.swift in Sources */ = {isa = PBXBuildFile; fileRef = 8ED17E292790BABB00A28D81 /* MainVM.swift */; };
		8ED17E2C2790BAE700A28D81 /* Bindable.swift in Sources */ = {isa = PBXBuildFile; fileRef = 8ED17E2B2790BAE700A28D81 /* Bindable.swift */; };
		8ED17E2E2790BC2700A28D81 /* MainTableViewCell.swift in Sources */ = {isa = PBXBuildFile; fileRef = 8ED17E2D2790BC2700A28D81 /* MainTableViewCell.swift */; };
		8ED17E302790BD7800A28D81 /* NetworkManager.swift in Sources */ = {isa = PBXBuildFile; fileRef = 8ED17E2F2790BD7800A28D81 /* NetworkManager.swift */; };
		8ED17E322790BE4200A28D81 /* PeopleData.swift in Sources */ = {isa = PBXBuildFile; fileRef = 8ED17E312790BE4200A28D81 /* PeopleData.swift */; };
/* End PBXBuildFile section */

/* Begin PBXFileReference section */
		8E4B67DF27832E8700AD88F5 /* testITS.app */ = {isa = PBXFileReference; explicitFileType = wrapper.application; includeInIndex = 0; path = testITS.app; sourceTree = BUILT_PRODUCTS_DIR; };
		8E4B67E227832E8700AD88F5 /* AppDelegate.swift */ = {isa = PBXFileReference; lastKnownFileType = sourcecode.swift; path = AppDelegate.swift; sourceTree = "<group>"; };
		8E4B67E927832E8700AD88F5 /* Base */ = {isa = PBXFileReference; lastKnownFileType = file.storyboard; name = Base; path = Base.lproj/Main.storyboard; sourceTree = "<group>"; };
		8E4B67EB27832E8800AD88F5 /* Assets.xcassets */ = {isa = PBXFileReference; lastKnownFileType = folder.assetcatalog; path = Assets.xcassets; sourceTree = "<group>"; };
		8E4B67EE27832E8800AD88F5 /* Base */ = {isa = PBXFileReference; lastKnownFileType = file.storyboard; name = Base; path = Base.lproj/LaunchScreen.storyboard; sourceTree = "<group>"; };
		8E4B67F027832E8800AD88F5 /* Info.plist */ = {isa = PBXFileReference; lastKnownFileType = text.plist.xml; path = Info.plist; sourceTree = "<group>"; };
		8E7729182791B0AC0006751A /* MainTableViewCell.xib */ = {isa = PBXFileReference; lastKnownFileType = file.xib; path = MainTableViewCell.xib; sourceTree = "<group>"; };
		8EAA5C1527920FE200E9CE24 /* MainCollectionViewCell.xib */ = {isa = PBXFileReference; lastKnownFileType = file.xib; path = MainCollectionViewCell.xib; sourceTree = "<group>"; };
		8EAA5C1B2792116500E9CE24 /* MainCollectionViewCell.swift */ = {isa = PBXFileReference; lastKnownFileType = sourcecode.swift; path = MainCollectionViewCell.swift; sourceTree = "<group>"; };
		8ECD833B2792D92900D0B8FA /* DetailsViewController.swift */ = {isa = PBXFileReference; lastKnownFileType = sourcecode.swift; path = DetailsViewController.swift; sourceTree = "<group>"; };
		8ED17E1E2790B73500A28D81 /* generated-2.json */ = {isa = PBXFileReference; fileEncoding = 4; lastKnownFileType = text.json; path = "generated-2.json"; sourceTree = "<group>"; };
		8ED17E202790B9D600A28D81 /* MainVC.swift */ = {isa = PBXFileReference; lastKnownFileType = sourcecode.swift; path = MainVC.swift; sourceTree = "<group>"; };
		8ED17E292790BABB00A28D81 /* MainVM.swift */ = {isa = PBXFileReference; lastKnownFileType = sourcecode.swift; path = MainVM.swift; sourceTree = "<group>"; };
		8ED17E2B2790BAE700A28D81 /* Bindable.swift */ = {isa = PBXFileReference; fileEncoding = 4; lastKnownFileType = sourcecode.swift; path = Bindable.swift; sourceTree = "<group>"; };
		8ED17E2D2790BC2700A28D81 /* MainTableViewCell.swift */ = {isa = PBXFileReference; lastKnownFileType = sourcecode.swift; path = MainTableViewCell.swift; sourceTree = "<group>"; };
		8ED17E2F2790BD7800A28D81 /* NetworkManager.swift */ = {isa = PBXFileReference; lastKnownFileType = sourcecode.swift; path = NetworkManager.swift; sourceTree = "<group>"; };
		8ED17E312790BE4200A28D81 /* PeopleData.swift */ = {isa = PBXFileReference; lastKnownFileType = sourcecode.swift; path = PeopleData.swift; sourceTree = "<group>"; };
/* End PBXFileReference section */

/* Begin PBXFrameworksBuildPhase section */
		8E4B67DC27832E8700AD88F5 /* Frameworks */ = {
			isa = PBXFrameworksBuildPhase;
			buildActionMask = 2147483647;
			files = (
			);
			runOnlyForDeploymentPostprocessing = 0;
		};
/* End PBXFrameworksBuildPhase section */

/* Begin PBXGroup section */
		8E4B67D627832E8700AD88F5 = {
			isa = PBXGroup;
			children = (
				8E4B67E127832E8700AD88F5 /* testITS */,
				8E4B67E027832E8700AD88F5 /* Products */,
			);
			sourceTree = "<group>";
		};
		8E4B67E027832E8700AD88F5 /* Products */ = {
			isa = PBXGroup;
			children = (
				8E4B67DF27832E8700AD88F5 /* testITS.app */,
			);
			name = Products;
			sourceTree = "<group>";
		};
		8E4B67E127832E8700AD88F5 /* testITS */ = {
			isa = PBXGroup;
			children = (
				8E4B67E227832E8700AD88F5 /* AppDelegate.swift */,
				8ED17E2B2790BAE700A28D81 /* Bindable.swift */,
				8ED17E252790BA6700A28D81 /* Model */,
				8ED17E262790BA7500A28D81 /* Controllers */,
				8E77291A2791D3280006751A /* Views */,
				8E4B67E827832E8700AD88F5 /* Main.storyboard */,
				8E4B67ED27832E8800AD88F5 /* LaunchScreen.storyboard */,
				8E4B67EB27832E8800AD88F5 /* Assets.xcassets */,
				8E4B67F027832E8800AD88F5 /* Info.plist */,
			);
			path = testITS;
			sourceTree = "<group>";
		};
		8E77291A2791D3280006751A /* Views */ = {
			isa = PBXGroup;
			children = (
				8E77291B2791D3310006751A /* Cells */,
			);
			path = Views;
			sourceTree = "<group>";
		};
		8E77291B2791D3310006751A /* Cells */ = {
			isa = PBXGroup;
			children = (
				8EAA5C1A2792109000E9CE24 /* MainCollectionCell */,
				8EAA5C192792108600E9CE24 /* MainTableCell */,
			);
			path = Cells;
			sourceTree = "<group>";
		};
		8E77291C2791D3500006751A /* MainVC */ = {
			isa = PBXGroup;
			children = (
				8ED17E202790B9D600A28D81 /* MainVC.swift */,
				8ED17E292790BABB00A28D81 /* MainVM.swift */,
			);
			path = MainVC;
			sourceTree = "<group>";
		};
		8EAA5C192792108600E9CE24 /* MainTableCell */ = {
			isa = PBXGroup;
			children = (
				8E7729182791B0AC0006751A /* MainTableViewCell.xib */,
				8ED17E2D2790BC2700A28D81 /* MainTableViewCell.swift */,
			);
			path = MainTableCell;
			sourceTree = "<group>";
		};
		8EAA5C1A2792109000E9CE24 /* MainCollectionCell */ = {
			isa = PBXGroup;
			children = (
				8EAA5C1527920FE200E9CE24 /* MainCollectionViewCell.xib */,
				8EAA5C1B2792116500E9CE24 /* MainCollectionViewCell.swift */,
			);
			path = MainCollectionCell;
			sourceTree = "<group>";
		};
		8ECD83362792CC4600D0B8FA /* DetailsVC */ = {
			isa = PBXGroup;
			children = (
				8ECD833B2792D92900D0B8FA /* DetailsViewController.swift */,
			);
			path = DetailsVC;
			sourceTree = "<group>";
		};
		8ED17E252790BA6700A28D81 /* Model */ = {
			isa = PBXGroup;
			children = (
				8ED17E1E2790B73500A28D81 /* generated-2.json */,
				8ED17E2F2790BD7800A28D81 /* NetworkManager.swift */,
				8ED17E312790BE4200A28D81 /* PeopleData.swift */,
			);
			path = Model;
			sourceTree = "<group>";
		};
		8ED17E262790BA7500A28D81 /* Controllers */ = {
			isa = PBXGroup;
			children = (
				8E77291C2791D3500006751A /* MainVC */,
				8ECD83362792CC4600D0B8FA /* DetailsVC */,
			);
			path = Controllers;
			sourceTree = "<group>";
		};
/* End PBXGroup section */

/* Begin PBXNativeTarget section */
		8E4B67DE27832E8700AD88F5 /* testITS */ = {
			isa = PBXNativeTarget;
			buildConfigurationList = 8E4B67F327832E8800AD88F5 /* Build configuration list for PBXNativeTarget "testITS" */;
			buildPhases = (
				8E4B67DB27832E8700AD88F5 /* Sources */,
				8E4B67DC27832E8700AD88F5 /* Frameworks */,
				8E4B67DD27832E8700AD88F5 /* Resources */,
			);
			buildRules = (
			);
			dependencies = (
			);
			name = testITS;
			productName = testITS;
			productReference = 8E4B67DF27832E8700AD88F5 /* testITS.app */;
			productType = "com.apple.product-type.application";
		};
/* End PBXNativeTarget section */

/* Begin PBXProject section */
		8E4B67D727832E8700AD88F5 /* Project object */ = {
			isa = PBXProject;
			attributes = {
				BuildIndependentTargetsInParallel = 1;
				LastSwiftUpdateCheck = 1310;
				LastUpgradeCheck = 1310;
				TargetAttributes = {
					8E4B67DE27832E8700AD88F5 = {
						CreatedOnToolsVersion = 13.1;
					};
				};
			};
			buildConfigurationList = 8E4B67DA27832E8700AD88F5 /* Build configuration list for PBXProject "testITS" */;
			compatibilityVersion = "Xcode 13.0";
			developmentRegion = en;
			hasScannedForEncodings = 0;
			knownRegions = (
				en,
				Base,
			);
			mainGroup = 8E4B67D627832E8700AD88F5;
			productRefGroup = 8E4B67E027832E8700AD88F5 /* Products */;
			projectDirPath = "";
			projectRoot = "";
			targets = (
				8E4B67DE27832E8700AD88F5 /* testITS */,
			);
		};
/* End PBXProject section */

/* Begin PBXResourcesBuildPhase section */
		8E4B67DD27832E8700AD88F5 /* Resources */ = {
			isa = PBXResourcesBuildPhase;
			buildActionMask = 2147483647;
			files = (
				8E4B67EF27832E8800AD88F5 /* LaunchScreen.storyboard in Resources */,
				8EAA5C1627920FE200E9CE24 /* MainCollectionViewCell.xib in Resources */,
				8E4B67EC27832E8800AD88F5 /* Assets.xcassets in Resources */,
				8ED17E1F2790B73500A28D81 /* generated-2.json in Resources */,
				8E4B67EA27832E8700AD88F5 /* Main.storyboard in Resources */,
				8E7729192791B0AC0006751A /* MainTableViewCell.xib in Resources */,
			);
			runOnlyForDeploymentPostprocessing = 0;
		};
/* End PBXResourcesBuildPhase section */

/* Begin PBXSourcesBuildPhase section */
		8E4B67DB27832E8700AD88F5 /* Sources */ = {
			isa = PBXSourcesBuildPhase;
			buildActionMask = 2147483647;
			files = (
				8ED17E2C2790BAE700A28D81 /* Bindable.swift in Sources */,
				8ECD833C2792D92900D0B8FA /* DetailsViewController.swift in Sources */,
				8E4B67E327832E8700AD88F5 /* AppDelegate.swift in Sources */,
				8ED17E322790BE4200A28D81 /* PeopleData.swift in Sources */,
				8EAA5C1C2792116500E9CE24 /* MainCollectionViewCell.swift in Sources */,
				8ED17E212790B9D600A28D81 /* MainVC.swift in Sources */,
				8ED17E302790BD7800A28D81 /* NetworkManager.swift in Sources */,
				8ED17E2E2790BC2700A28D81 /* MainTableViewCell.swift in Sources */,
				8ED17E2A2790BABB00A28D81 /* MainVM.swift in Sources */,
			);
			runOnlyForDeploymentPostprocessing = 0;
		};
/* End PBXSourcesBuildPhase section */

/* Begin PBXVariantGroup section */
		8E4B67E827832E8700AD88F5 /* Main.storyboard */ = {
			isa = PBXVariantGroup;
			children = (
				8E4B67E927832E8700AD88F5 /* Base */,
			);
			name = Main.storyboard;
			sourceTree = "<group>";
		};
		8E4B67ED27832E8800AD88F5 /* LaunchScreen.storyboard */ = {
			isa = PBXVariantGroup;
			children = (
				8E4B67EE27832E8800AD88F5 /* Base */,
			);
			name = LaunchScreen.storyboard;
			sourceTree = "<group>";
		};
/* End PBXVariantGroup section */

/* Begin XCBuildConfiguration section */
		8E4B67F127832E8800AD88F5 /* Debug */ = {
			isa = XCBuildConfiguration;
			buildSettings = {
				ALWAYS_SEARCH_USER_PATHS = NO;
				CLANG_ANALYZER_NONNULL = YES;
				CLANG_ANALYZER_NUMBER_OBJECT_CONVERSION = YES_AGGRESSIVE;
				CLANG_CXX_LANGUAGE_STANDARD = "gnu++17";
				CLANG_CXX_LIBRARY = "libc++";
				CLANG_ENABLE_MODULES = YES;
				CLANG_ENABLE_OBJC_ARC = YES;
				CLANG_ENABLE_OBJC_WEAK = YES;
				CLANG_WARN_BLOCK_CAPTURE_AUTORELEASING = YES;
				CLANG_WARN_BOOL_CONVERSION = YES;
				CLANG_WARN_COMMA = YES;
				CLANG_WARN_CONSTANT_CONVERSION = YES;
				CLANG_WARN_DEPRECATED_OBJC_IMPLEMENTATIONS = YES;
				CLANG_WARN_DIRECT_OBJC_ISA_USAGE = YES_ERROR;
				CLANG_WARN_DOCUMENTATION_COMMENTS = YES;
				CLANG_WARN_EMPTY_BODY = YES;
				CLANG_WARN_ENUM_CONVERSION = YES;
				CLANG_WARN_INFINITE_RECURSION = YES;
				CLANG_WARN_INT_CONVERSION = YES;
				CLANG_WARN_NON_LITERAL_NULL_CONVERSION = YES;
				CLANG_WARN_OBJC_IMPLICIT_RETAIN_SELF = YES;
				CLANG_WARN_OBJC_LITERAL_CONVERSION = YES;
				CLANG_WARN_OBJC_ROOT_CLASS = YES_ERROR;
				CLANG_WARN_QUOTED_INCLUDE_IN_FRAMEWORK_HEADER = YES;
				CLANG_WARN_RANGE_LOOP_ANALYSIS = YES;
				CLANG_WARN_STRICT_PROTOTYPES = YES;
				CLANG_WARN_SUSPICIOUS_MOVE = YES;
				CLANG_WARN_UNGUARDED_AVAILABILITY = YES_AGGRESSIVE;
				CLANG_WARN_UNREACHABLE_CODE = YES;
				CLANG_WARN__DUPLICATE_METHOD_MATCH = YES;
				COPY_PHASE_STRIP = NO;
				DEBUG_INFORMATION_FORMAT = dwarf;
				ENABLE_STRICT_OBJC_MSGSEND = YES;
				ENABLE_TESTABILITY = YES;
				GCC_C_LANGUAGE_STANDARD = gnu11;
				GCC_DYNAMIC_NO_PIC = NO;
				GCC_NO_COMMON_BLOCKS = YES;
				GCC_OPTIMIZATION_LEVEL = 0;
				GCC_PREPROCESSOR_DEFINITIONS = (
					"DEBUG=1",
					"$(inherited)",
				);
				GCC_WARN_64_TO_32_BIT_CONVERSION = YES;
				GCC_WARN_ABOUT_RETURN_TYPE = YES_ERROR;
				GCC_WARN_UNDECLARED_SELECTOR = YES;
				GCC_WARN_UNINITIALIZED_AUTOS = YES_AGGRESSIVE;
				GCC_WARN_UNUSED_FUNCTION = YES;
				GCC_WARN_UNUSED_VARIABLE = YES;
				IPHONEOS_DEPLOYMENT_TARGET = 15.0;
				MTL_ENABLE_DEBUG_INFO = INCLUDE_SOURCE;
				MTL_FAST_MATH = YES;
				ONLY_ACTIVE_ARCH = YES;
				SDKROOT = iphoneos;
				SWIFT_ACTIVE_COMPILATION_CONDITIONS = DEBUG;
				SWIFT_OPTIMIZATION_LEVEL = "-Onone";
			};
			name = Debug;
		};
		8E4B67F227832E8800AD88F5 /* Release */ = {
			isa = XCBuildConfiguration;
			buildSettings = {
				ALWAYS_SEARCH_USER_PATHS = NO;
				CLANG_ANALYZER_NONNULL = YES;
				CLANG_ANALYZER_NUMBER_OBJECT_CONVERSION = YES_AGGRESSIVE;
				CLANG_CXX_LANGUAGE_STANDARD = "gnu++17";
				CLANG_CXX_LIBRARY = "libc++";
				CLANG_ENABLE_MODULES = YES;
				CLANG_ENABLE_OBJC_ARC = YES;
				CLANG_ENABLE_OBJC_WEAK = YES;
				CLANG_WARN_BLOCK_CAPTURE_AUTORELEASING = YES;
				CLANG_WARN_BOOL_CONVERSION = YES;
				CLANG_WARN_COMMA = YES;
				CLANG_WARN_CONSTANT_CONVERSION = YES;
				CLANG_WARN_DEPRECATED_OBJC_IMPLEMENTATIONS = YES;
				CLANG_WARN_DIRECT_OBJC_ISA_USAGE = YES_ERROR;
				CLANG_WARN_DOCUMENTATION_COMMENTS = YES;
				CLANG_WARN_EMPTY_BODY = YES;
				CLANG_WARN_ENUM_CONVERSION = YES;
				CLANG_WARN_INFINITE_RECURSION = YES;
				CLANG_WARN_INT_CONVERSION = YES;
				CLANG_WARN_NON_LITERAL_NULL_CONVERSION = YES;
				CLANG_WARN_OBJC_IMPLICIT_RETAIN_SELF = YES;
				CLANG_WARN_OBJC_LITERAL_CONVERSION = YES;
				CLANG_WARN_OBJC_ROOT_CLASS = YES_ERROR;
				CLANG_WARN_QUOTED_INCLUDE_IN_FRAMEWORK_HEADER = YES;
				CLANG_WARN_RANGE_LOOP_ANALYSIS = YES;
				CLANG_WARN_STRICT_PROTOTYPES = YES;
				CLANG_WARN_SUSPICIOUS_MOVE = YES;
				CLANG_WARN_UNGUARDED_AVAILABILITY = YES_AGGRESSIVE;
				CLANG_WARN_UNREACHABLE_CODE = YES;
				CLANG_WARN__DUPLICATE_METHOD_MATCH = YES;
				COPY_PHASE_STRIP = NO;
				DEBUG_INFORMATION_FORMAT = "dwarf-with-dsym";
				ENABLE_NS_ASSERTIONS = NO;
				ENABLE_STRICT_OBJC_MSGSEND = YES;
				GCC_C_LANGUAGE_STANDARD = gnu11;
				GCC_NO_COMMON_BLOCKS = YES;
				GCC_WARN_64_TO_32_BIT_CONVERSION = YES;
				GCC_WARN_ABOUT_RETURN_TYPE = YES_ERROR;
				GCC_WARN_UNDECLARED_SELECTOR = YES;
				GCC_WARN_UNINITIALIZED_AUTOS = YES_AGGRESSIVE;
				GCC_WARN_UNUSED_FUNCTION = YES;
				GCC_WARN_UNUSED_VARIABLE = YES;
				IPHONEOS_DEPLOYMENT_TARGET = 15.0;
				MTL_ENABLE_DEBUG_INFO = NO;
				MTL_FAST_MATH = YES;
				SDKROOT = iphoneos;
				SWIFT_COMPILATION_MODE = wholemodule;
				SWIFT_OPTIMIZATION_LEVEL = "-O";
				VALIDATE_PRODUCT = YES;
			};
			name = Release;
		};
		8E4B67F427832E8800AD88F5 /* Debug */ = {
			isa = XCBuildConfiguration;
			buildSettings = {
				ASSETCATALOG_COMPILER_APPICON_NAME = AppIcon;
				ASSETCATALOG_COMPILER_GLOBAL_ACCENT_COLOR_NAME = AccentColor;
				CODE_SIGN_STYLE = Automatic;
				CURRENT_PROJECT_VERSION = 1;
				DEVELOPMENT_TEAM = 674RAC9N5D;
				GENERATE_INFOPLIST_FILE = YES;
				INFOPLIST_FILE = testITS/Info.plist;
				INFOPLIST_KEY_UIApplicationSupportsIndirectInputEvents = YES;
				INFOPLIST_KEY_UILaunchStoryboardName = LaunchScreen;
				INFOPLIST_KEY_UIMainStoryboardFile = Main;
				INFOPLIST_KEY_UISupportedInterfaceOrientations_iPad = "UIInterfaceOrientationPortrait UIInterfaceOrientationPortraitUpsideDown UIInterfaceOrientationLandscapeLeft UIInterfaceOrientationLandscapeRight";
				INFOPLIST_KEY_UISupportedInterfaceOrientations_iPhone = "UIInterfaceOrientationPortrait UIInterfaceOrientationLandscapeLeft UIInterfaceOrientationLandscapeRight";
				IPHONEOS_DEPLOYMENT_TARGET = 14.0;
				LD_RUNPATH_SEARCH_PATHS = (
					"$(inherited)",
					"@executable_path/Frameworks",
				);
				MARKETING_VERSION = 1.0;
				PRODUCT_BUNDLE_IDENTIFIER = com.DaniilShlapak.testITS;
				PRODUCT_NAME = "$(TARGET_NAME)";
				SWIFT_EMIT_LOC_STRINGS = YES;
				SWIFT_VERSION = 5.0;
				TARGETED_DEVICE_FAMILY = "1,2";
			};
			name = Debug;
		};
		8E4B67F527832E8800AD88F5 /* Release */ = {
			isa = XCBuildConfiguration;
			buildSettings = {
				ASSETCATALOG_COMPILER_APPICON_NAME = AppIcon;
				ASSETCATALOG_COMPILER_GLOBAL_ACCENT_COLOR_NAME = AccentColor;
				CODE_SIGN_STYLE = Automatic;
				CURRENT_PROJECT_VERSION = 1;
				DEVELOPMENT_TEAM = 674RAC9N5D;
				GENERATE_INFOPLIST_FILE = YES;
				INFOPLIST_FILE = testITS/Info.plist;
				INFOPLIST_KEY_UIApplicationSupportsIndirectInputEvents = YES;
				INFOPLIST_KEY_UILaunchStoryboardName = LaunchScreen;
				INFOPLIST_KEY_UIMainStoryboardFile = Main;
				INFOPLIST_KEY_UISupportedInterfaceOrientations_iPad = "UIInterfaceOrientationPortrait UIInterfaceOrientationPortraitUpsideDown UIInterfaceOrientationLandscapeLeft UIInterfaceOrientationLandscapeRight";
				INFOPLIST_KEY_UISupportedInterfaceOrientations_iPhone = "UIInterfaceOrientationPortrait UIInterfaceOrientationLandscapeLeft UIInterfaceOrientationLandscapeRight";
				IPHONEOS_DEPLOYMENT_TARGET = 14.0;
				LD_RUNPATH_SEARCH_PATHS = (
					"$(inherited)",
					"@executable_path/Frameworks",
				);
				MARKETING_VERSION = 1.0;
				PRODUCT_BUNDLE_IDENTIFIER = com.DaniilShlapak.testITS;
				PRODUCT_NAME = "$(TARGET_NAME)";
				SWIFT_EMIT_LOC_STRINGS = YES;
				SWIFT_VERSION = 5.0;
				TARGETED_DEVICE_FAMILY = "1,2";
			};
			name = Release;
		};
/* End XCBuildConfiguration section */

/* Begin XCConfigurationList section */
		8E4B67DA27832E8700AD88F5 /* Build configuration list for PBXProject "testITS" */ = {
			isa = XCConfigurationList;
			buildConfigurations = (
				8E4B67F127832E8800AD88F5 /* Debug */,
				8E4B67F227832E8800AD88F5 /* Release */,
			);
			defaultConfigurationIsVisible = 0;
			defaultConfigurationName = Release;
		};
		8E4B67F327832E8800AD88F5 /* Build configuration list for PBXNativeTarget "testITS" */ = {
			isa = XCConfigurationList;
			buildConfigurations = (
				8E4B67F427832E8800AD88F5 /* Debug */,
				8E4B67F527832E8800AD88F5 /* Release */,
			);
			defaultConfigurationIsVisible = 0;
			defaultConfigurationName = Release;
		};
/* End XCConfigurationList section */
	};
	rootObject = 8E4B67D727832E8700AD88F5 /* Project object */;
}
